
Microsoft Visual Studio Solution File, Format Version 12.00
# Visual Studio 2012
Project("{FAE04EC0-301F-11D3-BF4B-00C04F79EFBC}") = "KNN digit recognition", "KNN digit recognition\KNN digit recognition.csproj", "{1976344C-7952-41EC-B531-8BE5C821465B}"
EndProject
Global
	GlobalSection(SolutionConfigurationPlatforms) = preSolution
		Debug|Any CPU = Debug|Any CPU
		Release|Any CPU = Release|Any CPU
	EndGlobalSection
	GlobalSection(ProjectConfigurationPlatforms) = postSolution
		{1976344C-7952-41EC-B531-8BE5C821465B}.Debug|Any CPU.ActiveCfg = Debug|Any CPU
		{1976344C-7952-41EC-B531-8BE5C821465B}.Debug|Any CPU.Build.0 = Debug|Any CPU
		{1976344C-7952-41EC-B531-8BE5C821465B}.Release|Any CPU.ActiveCfg = Release|Any CPU
		{1976344C-7952-41EC-B531-8BE5C821465B}.Release|Any CPU.Build.0 = Release|Any CPU
	EndGlobalSection
	GlobalSection(SolutionProperties) = preSolution
		HideSolutionNode = FALSE
	EndGlobalSection
EndGlobal
